
Microsoft Visual Studio Solution File, Format Version 12.00
# Visual Studio Version 16
VisualStudioVersion = 16.0.31424.327
MinimumVisualStudioVersion = 10.0.40219.1
Project("{9A19103F-16F7-4668-BE54-9A1E7A4F7556}") = "Advanced", "Advanced\Advanced.csproj", "{33DECAE1-A407-47A4-9CB7-1B3C4A2C35FA}"
EndProject
Project("{9A19103F-16F7-4668-BE54-9A1E7A4F7556}") = "DataModel", "DataModel\DataModel.csproj", "{BE42ED39-5143-47E2-AB01-85D04ACAC5C0}"
EndProject
Project("{9A19103F-16F7-4668-BE54-9A1E7A4F7556}") = "BlazorWebAssembly", "BlazorWebAssembly\BlazorWebAssembly.csproj", "{5F9FD77A-A457-4AAF-B044-FABE81319A85}"
EndProject
Global
	GlobalSection(SolutionConfigurationPlatforms) = preSolution
		Debug|Any CPU = Debug|Any CPU
		Release|Any CPU = Release|Any CPU
	EndGlobalSection
	GlobalSection(ProjectConfigurationPlatforms) = postSolution
		{33DECAE1-A407-47A4-9CB7-1B3C4A2C35FA}.Debug|Any CPU.ActiveCfg = Debug|Any CPU
		{33DECAE1-A407-47A4-9CB7-1B3C4A2C35FA}.Debug|Any CPU.Build.0 = Debug|Any CPU
		{33DECAE1-A407-47A4-9CB7-1B3C4A2C35FA}.Release|Any CPU.ActiveCfg = Release|Any CPU
		{33DECAE1-A407-47A4-9CB7-1B3C4A2C35FA}.Release|Any CPU.Build.0 = Release|Any CPU
		{BE42ED39-5143-47E2-AB01-85D04ACAC5C0}.Debug|Any CPU.ActiveCfg = Debug|Any CPU
		{BE42ED39-5143-47E2-AB01-85D04ACAC5C0}.Debug|Any CPU.Build.0 = Debug|Any CPU
		{BE42ED39-5143-47E2-AB01-85D04ACAC5C0}.Release|Any CPU.ActiveCfg = Release|Any CPU
		{BE42ED39-5143-47E2-AB01-85D04ACAC5C0}.Release|Any CPU.Build.0 = Release|Any CPU
		{5F9FD77A-A457-4AAF-B044-FABE81319A85}.Debug|Any CPU.ActiveCfg = Debug|Any CPU
		{5F9FD77A-A457-4AAF-B044-FABE81319A85}.Debug|Any CPU.Build.0 = Debug|Any CPU
		{5F9FD77A-A457-4AAF-B044-FABE81319A85}.Release|Any CPU.ActiveCfg = Release|Any CPU
		{5F9FD77A-A457-4AAF-B044-FABE81319A85}.Release|Any CPU.Build.0 = Release|Any CPU
	EndGlobalSection
	GlobalSection(SolutionProperties) = preSolution
		HideSolutionNode = FALSE
	EndGlobalSection
	GlobalSection(ExtensibilityGlobals) = postSolution
		SolutionGuid = {6E822557-40AC-47A1-A48A-D9E230C00766}
	EndGlobalSection
EndGlobal
